// !$*UTF8*$!
{
	archiveVersion = 1;
	classes = {
	};
	objectVersion = 56;
	objects = {

/* Begin PBXBuildFile section */
		4D408F7E28EA150B00473C83 /* AppDelegate.swift in Sources */ = {isa = PBXBuildFile; fileRef = 4D408F7D28EA150B00473C83 /* AppDelegate.swift */; };
		4D408F8028EA150B00473C83 /* SceneDelegate.swift in Sources */ = {isa = PBXBuildFile; fileRef = 4D408F7F28EA150B00473C83 /* SceneDelegate.swift */; };
		4D408F8528EA150B00473C83 /* Main.storyboard in Resources */ = {isa = PBXBuildFile; fileRef = 4D408F8328EA150B00473C83 /* Main.storyboard */; };
		4D408F8728EA150C00473C83 /* Assets.xcassets in Resources */ = {isa = PBXBuildFile; fileRef = 4D408F8628EA150C00473C83 /* Assets.xcassets */; };
		4D408F8A28EA150C00473C83 /* LaunchScreen.storyboard in Resources */ = {isa = PBXBuildFile; fileRef = 4D408F8828EA150C00473C83 /* LaunchScreen.storyboard */; };
		4D408F9228EA16D900473C83 /* MainTabBarController.swift in Sources */ = {isa = PBXBuildFile; fileRef = 4D408F9128EA16D900473C83 /* MainTabBarController.swift */; };
		4D408F9528EA170500473C83 /* CriticsViewController.swift in Sources */ = {isa = PBXBuildFile; fileRef = 4D408F9428EA170500473C83 /* CriticsViewController.swift */; };
		4D408F9728EA176500473C83 /* CriticViewController.swift in Sources */ = {isa = PBXBuildFile; fileRef = 4D408F9628EA176500473C83 /* CriticViewController.swift */; };
		4D408F9928EA177600473C83 /* CriticsCollectionViewCell.swift in Sources */ = {isa = PBXBuildFile; fileRef = 4D408F9828EA177600473C83 /* CriticsCollectionViewCell.swift */; };
		4D408F9B28EA178D00473C83 /* GetCriticsFromApi.swift in Sources */ = {isa = PBXBuildFile; fileRef = 4D408F9A28EA178D00473C83 /* GetCriticsFromApi.swift */; };
		4D408F9D28EA179D00473C83 /* ModelCritic.swift in Sources */ = {isa = PBXBuildFile; fileRef = 4D408F9C28EA179D00473C83 /* ModelCritic.swift */; };
		4D408FA028EA17C900473C83 /* ReviewsTableViewCell.swift in Sources */ = {isa = PBXBuildFile; fileRef = 4D408F9F28EA17C900473C83 /* ReviewsTableViewCell.swift */; };
		4D408FA228EA17D800473C83 /* ReviewsViewController.swift in Sources */ = {isa = PBXBuildFile; fileRef = 4D408FA128EA17D800473C83 /* ReviewsViewController.swift */; };
		4D408FA428EA17EA00473C83 /* GetReviewsFromApi.swift in Sources */ = {isa = PBXBuildFile; fileRef = 4D408FA328EA17EA00473C83 /* GetReviewsFromApi.swift */; };
		4D408FA628EA17F800473C83 /* LoadingCell.swift in Sources */ = {isa = PBXBuildFile; fileRef = 4D408FA528EA17F800473C83 /* LoadingCell.swift */; };
		4D408FAA28EA195700473C83 /* Lato-Bold.ttf in Resources */ = {isa = PBXBuildFile; fileRef = 4D408FA828EA195700473C83 /* Lato-Bold.ttf */; };
		4D408FAB28EA195700473C83 /* Lato-Regular.ttf in Resources */ = {isa = PBXBuildFile; fileRef = 4D408FA928EA195700473C83 /* Lato-Regular.ttf */; };
		D87BA7086E97F738CA0C3153 /* Pods_CinemaReview.framework in Frameworks */ = {isa = PBXBuildFile; fileRef = FA28647CE812D6E1ECCA5AAD /* Pods_CinemaReview.framework */; };
/* End PBXBuildFile section */

/* Begin PBXFileReference section */
		4D408F7A28EA150B00473C83 /* CinemaReview.app */ = {isa = PBXFileReference; explicitFileType = wrapper.application; includeInIndex = 0; path = CinemaReview.app; sourceTree = BUILT_PRODUCTS_DIR; };
		4D408F7D28EA150B00473C83 /* AppDelegate.swift */ = {isa = PBXFileReference; lastKnownFileType = sourcecode.swift; path = AppDelegate.swift; sourceTree = "<group>"; };
		4D408F7F28EA150B00473C83 /* SceneDelegate.swift */ = {isa = PBXFileReference; lastKnownFileType = sourcecode.swift; path = SceneDelegate.swift; sourceTree = "<group>"; };
		4D408F8428EA150B00473C83 /* Base */ = {isa = PBXFileReference; lastKnownFileType = file.storyboard; name = Base; path = Base.lproj/Main.storyboard; sourceTree = "<group>"; };
		4D408F8628EA150C00473C83 /* Assets.xcassets */ = {isa = PBXFileReference; lastKnownFileType = folder.assetcatalog; path = Assets.xcassets; sourceTree = "<group>"; };
		4D408F8928EA150C00473C83 /* Base */ = {isa = PBXFileReference; lastKnownFileType = file.storyboard; name = Base; path = Base.lproj/LaunchScreen.storyboard; sourceTree = "<group>"; };
		4D408F8B28EA150C00473C83 /* Info.plist */ = {isa = PBXFileReference; lastKnownFileType = text.plist.xml; path = Info.plist; sourceTree = "<group>"; };
		4D408F9128EA16D900473C83 /* MainTabBarController.swift */ = {isa = PBXFileReference; lastKnownFileType = sourcecode.swift; path = MainTabBarController.swift; sourceTree = "<group>"; };
		4D408F9428EA170500473C83 /* CriticsViewController.swift */ = {isa = PBXFileReference; lastKnownFileType = sourcecode.swift; path = CriticsViewController.swift; sourceTree = "<group>"; };
		4D408F9628EA176500473C83 /* CriticViewController.swift */ = {isa = PBXFileReference; lastKnownFileType = sourcecode.swift; path = CriticViewController.swift; sourceTree = "<group>"; };
		4D408F9828EA177600473C83 /* CriticsCollectionViewCell.swift */ = {isa = PBXFileReference; lastKnownFileType = sourcecode.swift; path = CriticsCollectionViewCell.swift; sourceTree = "<group>"; };
		4D408F9A28EA178D00473C83 /* GetCriticsFromApi.swift */ = {isa = PBXFileReference; lastKnownFileType = sourcecode.swift; path = GetCriticsFromApi.swift; sourceTree = "<group>"; };
		4D408F9C28EA179D00473C83 /* ModelCritic.swift */ = {isa = PBXFileReference; lastKnownFileType = sourcecode.swift; path = ModelCritic.swift; sourceTree = "<group>"; };
		4D408F9F28EA17C900473C83 /* ReviewsTableViewCell.swift */ = {isa = PBXFileReference; lastKnownFileType = sourcecode.swift; path = ReviewsTableViewCell.swift; sourceTree = "<group>"; };
		4D408FA128EA17D800473C83 /* ReviewsViewController.swift */ = {isa = PBXFileReference; lastKnownFileType = sourcecode.swift; path = ReviewsViewController.swift; sourceTree = "<group>"; };
		4D408FA328EA17EA00473C83 /* GetReviewsFromApi.swift */ = {isa = PBXFileReference; lastKnownFileType = sourcecode.swift; path = GetReviewsFromApi.swift; sourceTree = "<group>"; };
		4D408FA528EA17F800473C83 /* LoadingCell.swift */ = {isa = PBXFileReference; lastKnownFileType = sourcecode.swift; path = LoadingCell.swift; sourceTree = "<group>"; };
		4D408FA828EA195700473C83 /* Lato-Bold.ttf */ = {isa = PBXFileReference; lastKnownFileType = file; path = "Lato-Bold.ttf"; sourceTree = "<group>"; };
		4D408FA928EA195700473C83 /* Lato-Regular.ttf */ = {isa = PBXFileReference; lastKnownFileType = file; path = "Lato-Regular.ttf"; sourceTree = "<group>"; };
		A7928F9FF3D61C0B4210C218 /* Pods-CinemaReview.release.xcconfig */ = {isa = PBXFileReference; includeInIndex = 1; lastKnownFileType = text.xcconfig; name = "Pods-CinemaReview.release.xcconfig"; path = "Target Support Files/Pods-CinemaReview/Pods-CinemaReview.release.xcconfig"; sourceTree = "<group>"; };
		DB408EF0A05239D7E94DE30E /* Pods-CinemaReview.debug.xcconfig */ = {isa = PBXFileReference; includeInIndex = 1; lastKnownFileType = text.xcconfig; name = "Pods-CinemaReview.debug.xcconfig"; path = "Target Support Files/Pods-CinemaReview/Pods-CinemaReview.debug.xcconfig"; sourceTree = "<group>"; };
		FA28647CE812D6E1ECCA5AAD /* Pods_CinemaReview.framework */ = {isa = PBXFileReference; explicitFileType = wrapper.framework; includeInIndex = 0; path = Pods_CinemaReview.framework; sourceTree = BUILT_PRODUCTS_DIR; };
/* End PBXFileReference section */

/* Begin PBXFrameworksBuildPhase section */
		4D408F7728EA150B00473C83 /* Frameworks */ = {
			isa = PBXFrameworksBuildPhase;
			buildActionMask = 2147483647;
			files = (
				D87BA7086E97F738CA0C3153 /* Pods_CinemaReview.framework in Frameworks */,
			);
			runOnlyForDeploymentPostprocessing = 0;
		};
/* End PBXFrameworksBuildPhase section */

/* Begin PBXGroup section */
		14BCF41E2C780EBAEDF933DF /* Pods */ = {
			isa = PBXGroup;
			children = (
				DB408EF0A05239D7E94DE30E /* Pods-CinemaReview.debug.xcconfig */,
				A7928F9FF3D61C0B4210C218 /* Pods-CinemaReview.release.xcconfig */,
			);
			path = Pods;
			sourceTree = "<group>";
		};
		4D408F7128EA150B00473C83 = {
			isa = PBXGroup;
			children = (
				4D408F7C28EA150B00473C83 /* CinemaReview */,
				4D408F7B28EA150B00473C83 /* Products */,
				14BCF41E2C780EBAEDF933DF /* Pods */,
				C934235A6D7D581805FA733C /* Frameworks */,
			);
			sourceTree = "<group>";
		};
		4D408F7B28EA150B00473C83 /* Products */ = {
			isa = PBXGroup;
			children = (
				4D408F7A28EA150B00473C83 /* CinemaReview.app */,
			);
			name = Products;
			sourceTree = "<group>";
		};
		4D408F7C28EA150B00473C83 /* CinemaReview */ = {
			isa = PBXGroup;
			children = (
				4D408F7D28EA150B00473C83 /* AppDelegate.swift */,
				4D408F7F28EA150B00473C83 /* SceneDelegate.swift */,
				4D408F9128EA16D900473C83 /* MainTabBarController.swift */,
				4D408F9E28EA17AD00473C83 /* Reviews */,
				4D408F9328EA16F000473C83 /* Critics */,
				4D408F8328EA150B00473C83 /* Main.storyboard */,
				4D408FA728EA190800473C83 /* Fonts */,
				4D408F8628EA150C00473C83 /* Assets.xcassets */,
				4D408F8828EA150C00473C83 /* LaunchScreen.storyboard */,
				4D408F8B28EA150C00473C83 /* Info.plist */,
			);
			path = CinemaReview;
			sourceTree = "<group>";
		};
		4D408F9328EA16F000473C83 /* Critics */ = {
			isa = PBXGroup;
			children = (
				4D408F9428EA170500473C83 /* CriticsViewController.swift */,
				4D408F9628EA176500473C83 /* CriticViewController.swift */,
				4D408F9828EA177600473C83 /* CriticsCollectionViewCell.swift */,
				4D408F9A28EA178D00473C83 /* GetCriticsFromApi.swift */,
				4D408F9C28EA179D00473C83 /* ModelCritic.swift */,
			);
			path = Critics;
			sourceTree = "<group>";
		};
		4D408F9E28EA17AD00473C83 /* Reviews */ = {
			isa = PBXGroup;
			children = (
				4D408FA128EA17D800473C83 /* ReviewsViewController.swift */,
				4D408F9F28EA17C900473C83 /* ReviewsTableViewCell.swift */,
				4D408FA328EA17EA00473C83 /* GetReviewsFromApi.swift */,
				4D408FA528EA17F800473C83 /* LoadingCell.swift */,
			);
			path = Reviews;
			sourceTree = "<group>";
		};
		4D408FA728EA190800473C83 /* Fonts */ = {
			isa = PBXGroup;
			children = (
				4D408FA828EA195700473C83 /* Lato-Bold.ttf */,
				4D408FA928EA195700473C83 /* Lato-Regular.ttf */,
			);
			path = Fonts;
			sourceTree = "<group>";
		};
		C934235A6D7D581805FA733C /* Frameworks */ = {
			isa = PBXGroup;
			children = (
				FA28647CE812D6E1ECCA5AAD /* Pods_CinemaReview.framework */,
			);
			name = Frameworks;
			sourceTree = "<group>";
		};
/* End PBXGroup section */

/* Begin PBXNativeTarget section */
		4D408F7928EA150B00473C83 /* CinemaReview */ = {
			isa = PBXNativeTarget;
			buildConfigurationList = 4D408F8E28EA150C00473C83 /* Build configuration list for PBXNativeTarget "CinemaReview" */;
			buildPhases = (
				BF690BF2164ABAE986049906 /* [CP] Check Pods Manifest.lock */,
				4D408F7628EA150B00473C83 /* Sources */,
				4D408F7728EA150B00473C83 /* Frameworks */,
				4D408F7828EA150B00473C83 /* Resources */,
				AC8508A25B78E1443B8977EB /* [CP] Embed Pods Frameworks */,
			);
			buildRules = (
			);
			dependencies = (
			);
			name = CinemaReview;
			productName = CinemaReview;
			productReference = 4D408F7A28EA150B00473C83 /* CinemaReview.app */;
			productType = "com.apple.product-type.application";
		};
/* End PBXNativeTarget section */

/* Begin PBXProject section */
		4D408F7228EA150B00473C83 /* Project object */ = {
			isa = PBXProject;
			attributes = {
				BuildIndependentTargetsInParallel = 1;
				LastSwiftUpdateCheck = 1400;
				LastUpgradeCheck = 1400;
				TargetAttributes = {
					4D408F7928EA150B00473C83 = {
						CreatedOnToolsVersion = 14.0;
					};
				};
			};
			buildConfigurationList = 4D408F7528EA150B00473C83 /* Build configuration list for PBXProject "CinemaReview" */;
			compatibilityVersion = "Xcode 14.0";
			developmentRegion = en;
			hasScannedForEncodings = 0;
			knownRegions = (
				en,
				Base,
			);
			mainGroup = 4D408F7128EA150B00473C83;
			productRefGroup = 4D408F7B28EA150B00473C83 /* Products */;
			projectDirPath = "";
			projectRoot = "";
			targets = (
				4D408F7928EA150B00473C83 /* CinemaReview */,
			);
		};
/* End PBXProject section */

/* Begin PBXResourcesBuildPhase section */
		4D408F7828EA150B00473C83 /* Resources */ = {
			isa = PBXResourcesBuildPhase;
			buildActionMask = 2147483647;
			files = (
				4D408F8A28EA150C00473C83 /* LaunchScreen.storyboard in Resources */,
				4D408F8728EA150C00473C83 /* Assets.xcassets in Resources */,
				4D408FAB28EA195700473C83 /* Lato-Regular.ttf in Resources */,
				4D408F8528EA150B00473C83 /* Main.storyboard in Resources */,
				4D408FAA28EA195700473C83 /* Lato-Bold.ttf in Resources */,
			);
			runOnlyForDeploymentPostprocessing = 0;
		};
/* End PBXResourcesBuildPhase section */

/* Begin PBXShellScriptBuildPhase section */
		AC8508A25B78E1443B8977EB /* [CP] Embed Pods Frameworks */ = {
			isa = PBXShellScriptBuildPhase;
			buildActionMask = 2147483647;
			files = (
			);
			inputFileListPaths = (
				"${PODS_ROOT}/Target Support Files/Pods-CinemaReview/Pods-CinemaReview-frameworks-${CONFIGURATION}-input-files.xcfilelist",
			);
			name = "[CP] Embed Pods Frameworks";
			outputFileListPaths = (
				"${PODS_ROOT}/Target Support Files/Pods-CinemaReview/Pods-CinemaReview-frameworks-${CONFIGURATION}-output-files.xcfilelist",
			);
			runOnlyForDeploymentPostprocessing = 0;
			shellPath = /bin/sh;
			shellScript = "\"${PODS_ROOT}/Target Support Files/Pods-CinemaReview/Pods-CinemaReview-frameworks.sh\"\n";
			showEnvVarsInLog = 0;
		};
		BF690BF2164ABAE986049906 /* [CP] Check Pods Manifest.lock */ = {
			isa = PBXShellScriptBuildPhase;
			buildActionMask = 2147483647;
			files = (
			);
			inputFileListPaths = (
			);
			inputPaths = (
				"${PODS_PODFILE_DIR_PATH}/Podfile.lock",
				"${PODS_ROOT}/Manifest.lock",
			);
			name = "[CP] Check Pods Manifest.lock";
			outputFileListPaths = (
			);
			outputPaths = (
				"$(DERIVED_FILE_DIR)/Pods-CinemaReview-checkManifestLockResult.txt",
			);
			runOnlyForDeploymentPostprocessing = 0;
			shellPath = /bin/sh;
			shellScript = "diff \"${PODS_PODFILE_DIR_PATH}/Podfile.lock\" \"${PODS_ROOT}/Manifest.lock\" > /dev/null\nif [ $? != 0 ] ; then\n    # print error to STDERR\n    echo \"error: The sandbox is not in sync with the Podfile.lock. Run 'pod install' or update your CocoaPods installation.\" >&2\n    exit 1\nfi\n# This output is used by Xcode 'outputs' to avoid re-running this script phase.\necho \"SUCCESS\" > \"${SCRIPT_OUTPUT_FILE_0}\"\n";
			showEnvVarsInLog = 0;
		};
/* End PBXShellScriptBuildPhase section */

/* Begin PBXSourcesBuildPhase section */
		4D408F7628EA150B00473C83 /* Sources */ = {
			isa = PBXSourcesBuildPhase;
			buildActionMask = 2147483647;
			files = (
				4D408F9B28EA178D00473C83 /* GetCriticsFromApi.swift in Sources */,
				4D408F9728EA176500473C83 /* CriticViewController.swift in Sources */,
				4D408FA028EA17C900473C83 /* ReviewsTableViewCell.swift in Sources */,
				4D408F7E28EA150B00473C83 /* AppDelegate.swift in Sources */,
				4D408F9D28EA179D00473C83 /* ModelCritic.swift in Sources */,
				4D408F9928EA177600473C83 /* CriticsCollectionViewCell.swift in Sources */,
				4D408FA628EA17F800473C83 /* LoadingCell.swift in Sources */,
				4D408FA228EA17D800473C83 /* ReviewsViewController.swift in Sources */,
				4D408F9228EA16D900473C83 /* MainTabBarController.swift in Sources */,
				4D408FA428EA17EA00473C83 /* GetReviewsFromApi.swift in Sources */,
				4D408F9528EA170500473C83 /* CriticsViewController.swift in Sources */,
				4D408F8028EA150B00473C83 /* SceneDelegate.swift in Sources */,
			);
			runOnlyForDeploymentPostprocessing = 0;
		};
/* End PBXSourcesBuildPhase section */

/* Begin PBXVariantGroup section */
		4D408F8328EA150B00473C83 /* Main.storyboard */ = {
			isa = PBXVariantGroup;
			children = (
				4D408F8428EA150B00473C83 /* Base */,
			);
			name = Main.storyboard;
			sourceTree = "<group>";
		};
		4D408F8828EA150C00473C83 /* LaunchScreen.storyboard */ = {
			isa = PBXVariantGroup;
			children = (
				4D408F8928EA150C00473C83 /* Base */,
			);
			name = LaunchScreen.storyboard;
			sourceTree = "<group>";
		};
/* End PBXVariantGroup section */

/* Begin XCBuildConfiguration section */
		4D408F8C28EA150C00473C83 /* Debug */ = {
			isa = XCBuildConfiguration;
			buildSettings = {
				ALWAYS_SEARCH_USER_PATHS = NO;
				CLANG_ANALYZER_NONNULL = YES;
				CLANG_ANALYZER_NUMBER_OBJECT_CONVERSION = YES_AGGRESSIVE;
				CLANG_CXX_LANGUAGE_STANDARD = "gnu++20";
				CLANG_ENABLE_MODULES = YES;
				CLANG_ENABLE_OBJC_ARC = YES;
				CLANG_ENABLE_OBJC_WEAK = YES;
				CLANG_WARN_BLOCK_CAPTURE_AUTORELEASING = YES;
				CLANG_WARN_BOOL_CONVERSION = YES;
				CLANG_WARN_COMMA = YES;
				CLANG_WARN_CONSTANT_CONVERSION = YES;
				CLANG_WARN_DEPRECATED_OBJC_IMPLEMENTATIONS = YES;
				CLANG_WARN_DIRECT_OBJC_ISA_USAGE = YES_ERROR;
				CLANG_WARN_DOCUMENTATION_COMMENTS = YES;
				CLANG_WARN_EMPTY_BODY = YES;
				CLANG_WARN_ENUM_CONVERSION = YES;
				CLANG_WARN_INFINITE_RECURSION = YES;
				CLANG_WARN_INT_CONVERSION = YES;
				CLANG_WARN_NON_LITERAL_NULL_CONVERSION = YES;
				CLANG_WARN_OBJC_IMPLICIT_RETAIN_SELF = YES;
				CLANG_WARN_OBJC_LITERAL_CONVERSION = YES;
				CLANG_WARN_OBJC_ROOT_CLASS = YES_ERROR;
				CLANG_WARN_QUOTED_INCLUDE_IN_FRAMEWORK_HEADER = YES;
				CLANG_WARN_RANGE_LOOP_ANALYSIS = YES;
				CLANG_WARN_STRICT_PROTOTYPES = YES;
				CLANG_WARN_SUSPICIOUS_MOVE = YES;
				CLANG_WARN_UNGUARDED_AVAILABILITY = YES_AGGRESSIVE;
				CLANG_WARN_UNREACHABLE_CODE = YES;
				CLANG_WARN__DUPLICATE_METHOD_MATCH = YES;
				COPY_PHASE_STRIP = NO;
				DEBUG_INFORMATION_FORMAT = dwarf;
				ENABLE_STRICT_OBJC_MSGSEND = YES;
				ENABLE_TESTABILITY = YES;
				GCC_C_LANGUAGE_STANDARD = gnu11;
				GCC_DYNAMIC_NO_PIC = NO;
				GCC_NO_COMMON_BLOCKS = YES;
				GCC_OPTIMIZATION_LEVEL = 0;
				GCC_PREPROCESSOR_DEFINITIONS = (
					"DEBUG=1",
					"$(inherited)",
				);
				GCC_WARN_64_TO_32_BIT_CONVERSION = YES;
				GCC_WARN_ABOUT_RETURN_TYPE = YES_ERROR;
				GCC_WARN_UNDECLARED_SELECTOR = YES;
				GCC_WARN_UNINITIALIZED_AUTOS = YES_AGGRESSIVE;
				GCC_WARN_UNUSED_FUNCTION = YES;
				GCC_WARN_UNUSED_VARIABLE = YES;
				IPHONEOS_DEPLOYMENT_TARGET = 16.0;
				MTL_ENABLE_DEBUG_INFO = INCLUDE_SOURCE;
				MTL_FAST_MATH = YES;
				ONLY_ACTIVE_ARCH = YES;
				SDKROOT = iphoneos;
				SWIFT_ACTIVE_COMPILATION_CONDITIONS = DEBUG;
				SWIFT_OPTIMIZATION_LEVEL = "-Onone";
			};
			name = Debug;
		};
		4D408F8D28EA150C00473C83 /* Release */ = {
			isa = XCBuildConfiguration;
			buildSettings = {
				ALWAYS_SEARCH_USER_PATHS = NO;
				CLANG_ANALYZER_NONNULL = YES;
				CLANG_ANALYZER_NUMBER_OBJECT_CONVERSION = YES_AGGRESSIVE;
				CLANG_CXX_LANGUAGE_STANDARD = "gnu++20";
				CLANG_ENABLE_MODULES = YES;
				CLANG_ENABLE_OBJC_ARC = YES;
				CLANG_ENABLE_OBJC_WEAK = YES;
				CLANG_WARN_BLOCK_CAPTURE_AUTORELEASING = YES;
				CLANG_WARN_BOOL_CONVERSION = YES;
				CLANG_WARN_COMMA = YES;
				CLANG_WARN_CONSTANT_CONVERSION = YES;
				CLANG_WARN_DEPRECATED_OBJC_IMPLEMENTATIONS = YES;
				CLANG_WARN_DIRECT_OBJC_ISA_USAGE = YES_ERROR;
				CLANG_WARN_DOCUMENTATION_COMMENTS = YES;
				CLANG_WARN_EMPTY_BODY = YES;
				CLANG_WARN_ENUM_CONVERSION = YES;
				CLANG_WARN_INFINITE_RECURSION = YES;
				CLANG_WARN_INT_CONVERSION = YES;
				CLANG_WARN_NON_LITERAL_NULL_CONVERSION = YES;
				CLANG_WARN_OBJC_IMPLICIT_RETAIN_SELF = YES;
				CLANG_WARN_OBJC_LITERAL_CONVERSION = YES;
				CLANG_WARN_OBJC_ROOT_CLASS = YES_ERROR;
				CLANG_WARN_QUOTED_INCLUDE_IN_FRAMEWORK_HEADER = YES;
				CLANG_WARN_RANGE_LOOP_ANALYSIS = YES;
				CLANG_WARN_STRICT_PROTOTYPES = YES;
				CLANG_WARN_SUSPICIOUS_MOVE = YES;
				CLANG_WARN_UNGUARDED_AVAILABILITY = YES_AGGRESSIVE;
				CLANG_WARN_UNREACHABLE_CODE = YES;
				CLANG_WARN__DUPLICATE_METHOD_MATCH = YES;
				COPY_PHASE_STRIP = NO;
				DEBUG_INFORMATION_FORMAT = "dwarf-with-dsym";
				ENABLE_NS_ASSERTIONS = NO;
				ENABLE_STRICT_OBJC_MSGSEND = YES;
				GCC_C_LANGUAGE_STANDARD = gnu11;
				GCC_NO_COMMON_BLOCKS = YES;
				GCC_WARN_64_TO_32_BIT_CONVERSION = YES;
				GCC_WARN_ABOUT_RETURN_TYPE = YES_ERROR;
				GCC_WARN_UNDECLARED_SELECTOR = YES;
				GCC_WARN_UNINITIALIZED_AUTOS = YES_AGGRESSIVE;
				GCC_WARN_UNUSED_FUNCTION = YES;
				GCC_WARN_UNUSED_VARIABLE = YES;
				IPHONEOS_DEPLOYMENT_TARGET = 16.0;
				MTL_ENABLE_DEBUG_INFO = NO;
				MTL_FAST_MATH = YES;
				SDKROOT = iphoneos;
				SWIFT_COMPILATION_MODE = wholemodule;
				SWIFT_OPTIMIZATION_LEVEL = "-O";
				VALIDATE_PRODUCT = YES;
			};
			name = Release;
		};
		4D408F8F28EA150C00473C83 /* Debug */ = {
			isa = XCBuildConfiguration;
			baseConfigurationReference = DB408EF0A05239D7E94DE30E /* Pods-CinemaReview.debug.xcconfig */;
			buildSettings = {
				ASSETCATALOG_COMPILER_APPICON_NAME = AppIcon;
				ASSETCATALOG_COMPILER_GLOBAL_ACCENT_COLOR_NAME = AccentColor;
				CODE_SIGN_STYLE = Automatic;
				CURRENT_PROJECT_VERSION = 1;
				DEVELOPMENT_TEAM = AF9W25XMD8;
				GENERATE_INFOPLIST_FILE = YES;
				INFOPLIST_FILE = CinemaReview/Info.plist;
				INFOPLIST_KEY_UIApplicationSupportsIndirectInputEvents = YES;
				INFOPLIST_KEY_UILaunchStoryboardName = LaunchScreen;
				INFOPLIST_KEY_UIMainStoryboardFile = Main;
				INFOPLIST_KEY_UISupportedInterfaceOrientations_iPad = "UIInterfaceOrientationPortrait UIInterfaceOrientationPortraitUpsideDown UIInterfaceOrientationLandscapeLeft UIInterfaceOrientationLandscapeRight";
				INFOPLIST_KEY_UISupportedInterfaceOrientations_iPhone = "UIInterfaceOrientationPortrait UIInterfaceOrientationLandscapeLeft UIInterfaceOrientationLandscapeRight";
				LD_RUNPATH_SEARCH_PATHS = (
					"$(inherited)",
					"@executable_path/Frameworks",
				);
				MARKETING_VERSION = 1.0;
				PRODUCT_BUNDLE_IDENTIFIER = Home.CinemaReview;
				PRODUCT_NAME = "$(TARGET_NAME)";
				SWIFT_EMIT_LOC_STRINGS = YES;
				SWIFT_VERSION = 5.0;
				TARGETED_DEVICE_FAMILY = "1,2";
			};
			name = Debug;
		};
		4D408F9028EA150C00473C83 /* Release */ = {
			isa = XCBuildConfiguration;
			baseConfigurationReference = A7928F9FF3D61C0B4210C218 /* Pods-CinemaReview.release.xcconfig */;
			buildSettings = {
				ASSETCATALOG_COMPILER_APPICON_NAME = AppIcon;
				ASSETCATALOG_COMPILER_GLOBAL_ACCENT_COLOR_NAME = AccentColor;
				CODE_SIGN_STYLE = Automatic;
				CURRENT_PROJECT_VERSION = 1;
				DEVELOPMENT_TEAM = AF9W25XMD8;
				GENERATE_INFOPLIST_FILE = YES;
				INFOPLIST_FILE = CinemaReview/Info.plist;
				INFOPLIST_KEY_UIApplicationSupportsIndirectInputEvents = YES;
				INFOPLIST_KEY_UILaunchStoryboardName = LaunchScreen;
				INFOPLIST_KEY_UIMainStoryboardFile = Main;
				INFOPLIST_KEY_UISupportedInterfaceOrientations_iPad = "UIInterfaceOrientationPortrait UIInterfaceOrientationPortraitUpsideDown UIInterfaceOrientationLandscapeLeft UIInterfaceOrientationLandscapeRight";
				INFOPLIST_KEY_UISupportedInterfaceOrientations_iPhone = "UIInterfaceOrientationPortrait UIInterfaceOrientationLandscapeLeft UIInterfaceOrientationLandscapeRight";
				LD_RUNPATH_SEARCH_PATHS = (
					"$(inherited)",
					"@executable_path/Frameworks",
				);
				MARKETING_VERSION = 1.0;
				PRODUCT_BUNDLE_IDENTIFIER = Home.CinemaReview;
				PRODUCT_NAME = "$(TARGET_NAME)";
				SWIFT_EMIT_LOC_STRINGS = YES;
				SWIFT_VERSION = 5.0;
				TARGETED_DEVICE_FAMILY = "1,2";
			};
			name = Release;
		};
/* End XCBuildConfiguration section */

/* Begin XCConfigurationList section */
		4D408F7528EA150B00473C83 /* Build configuration list for PBXProject "CinemaReview" */ = {
			isa = XCConfigurationList;
			buildConfigurations = (
				4D408F8C28EA150C00473C83 /* Debug */,
				4D408F8D28EA150C00473C83 /* Release */,
			);
			defaultConfigurationIsVisible = 0;
			defaultConfigurationName = Release;
		};
		4D408F8E28EA150C00473C83 /* Build configuration list for PBXNativeTarget "CinemaReview" */ = {
			isa = XCConfigurationList;
			buildConfigurations = (
				4D408F8F28EA150C00473C83 /* Debug */,
				4D408F9028EA150C00473C83 /* Release */,
			);
			defaultConfigurationIsVisible = 0;
			defaultConfigurationName = Release;
		};
/* End XCConfigurationList section */
	};
	rootObject = 4D408F7228EA150B00473C83 /* Project object */;
}
